
Microsoft Visual Studio Solution File, Format Version 12.00
# Visual Studio Version 16
VisualStudioVersion = 16.0.30907.101
MinimumVisualStudioVersion = 10.0.40219.1
Project("{FAE04EC0-301F-11D3-BF4B-00C04F79EFBC}") = "test", "test\test.csproj", "{A539EDD6-CE15-4DE0-A1B7-9CDB163269DB}"
EndProject
Global
	GlobalSection(SolutionConfigurationPlatforms) = preSolution
		Debug|Any CPU = Debug|Any CPU
		Release|Any CPU = Release|Any CPU
	EndGlobalSection
	GlobalSection(ProjectConfigurationPlatforms) = postSolution
		{A539EDD6-CE15-4DE0-A1B7-9CDB163269DB}.Debug|Any CPU.ActiveCfg = Debug|Any CPU
		{A539EDD6-CE15-4DE0-A1B7-9CDB163269DB}.Debug|Any CPU.Build.0 = Debug|Any CPU
		{A539EDD6-CE15-4DE0-A1B7-9CDB163269DB}.Release|Any CPU.ActiveCfg = Release|Any CPU
		{A539EDD6-CE15-4DE0-A1B7-9CDB163269DB}.Release|Any CPU.Build.0 = Release|Any CPU
	EndGlobalSection
	GlobalSection(SolutionProperties) = preSolution
		HideSolutionNode = FALSE
	EndGlobalSection
	GlobalSection(ExtensibilityGlobals) = postSolution
		SolutionGuid = {A4258A59-AA8D-4AEE-94E3-8CC7474FB4E9}
	EndGlobalSection
EndGlobal
