
Microsoft Visual Studio Solution File, Format Version 12.00
# Visual Studio Version 17
VisualStudioVersion = 17.9.34607.119
MinimumVisualStudioVersion = 10.0.40219.1
Project("{FAE04EC0-301F-11D3-BF4B-00C04F79EFBC}") = "updater-test", "updater-test\updater-test.csproj", "{2FF6F3F9-96E9-419A-9426-BCFF77FF6F7D}"
EndProject
Global
	GlobalSection(SolutionConfigurationPlatforms) = preSolution
		Debug|Any CPU = Debug|Any CPU
		Release|Any CPU = Release|Any CPU
	EndGlobalSection
	GlobalSection(ProjectConfigurationPlatforms) = postSolution
		{2FF6F3F9-96E9-419A-9426-BCFF77FF6F7D}.Debug|Any CPU.ActiveCfg = Debug|Any CPU
		{2FF6F3F9-96E9-419A-9426-BCFF77FF6F7D}.Debug|Any CPU.Build.0 = Debug|Any CPU
		{2FF6F3F9-96E9-419A-9426-BCFF77FF6F7D}.Release|Any CPU.ActiveCfg = Release|Any CPU
		{2FF6F3F9-96E9-419A-9426-BCFF77FF6F7D}.Release|Any CPU.Build.0 = Release|Any CPU
	EndGlobalSection
	GlobalSection(SolutionProperties) = preSolution
		HideSolutionNode = FALSE
	EndGlobalSection
	GlobalSection(ExtensibilityGlobals) = postSolution
		SolutionGuid = {1D2D2FCD-9CE5-4DF3-8E56-D96771AB9583}
	EndGlobalSection
EndGlobal
