
Microsoft Visual Studio Solution File, Format Version 12.00
# Visual Studio Version 16
VisualStudioVersion = 16.0.30907.101
MinimumVisualStudioVersion = 10.0.40219.1
Project("{FAE04EC0-301F-11D3-BF4B-00C04F79EFBC}") = "installer-test", "installer-test\installer-test.csproj", "{4A9FBF6E-4434-4831-9F5A-1E957FFB5430}"
EndProject
Global
	GlobalSection(SolutionConfigurationPlatforms) = preSolution
		Debug|Any CPU = Debug|Any CPU
		Release|Any CPU = Release|Any CPU
	EndGlobalSection
	GlobalSection(ProjectConfigurationPlatforms) = postSolution
		{4A9FBF6E-4434-4831-9F5A-1E957FFB5430}.Debug|Any CPU.ActiveCfg = Debug|Any CPU
		{4A9FBF6E-4434-4831-9F5A-1E957FFB5430}.Debug|Any CPU.Build.0 = Debug|Any CPU
		{4A9FBF6E-4434-4831-9F5A-1E957FFB5430}.Release|Any CPU.ActiveCfg = Release|Any CPU
		{4A9FBF6E-4434-4831-9F5A-1E957FFB5430}.Release|Any CPU.Build.0 = Release|Any CPU
	EndGlobalSection
	GlobalSection(SolutionProperties) = preSolution
		HideSolutionNode = FALSE
	EndGlobalSection
	GlobalSection(ExtensibilityGlobals) = postSolution
		SolutionGuid = {8FE20882-5D41-4510-8639-DC89C888BF66}
	EndGlobalSection
EndGlobal
